// !$*UTF8*$!
{
	archiveVersion = 1;
	classes = {
	};
	objectVersion = 46;
	objects = {

/* Begin PBXBuildFile section */
		460F67191F33426100A08777 /* TutorialViewController.swift in Sources */ = {isa = PBXBuildFile; fileRef = 460F67181F33426100A08777 /* TutorialViewController.swift */; };
		460F671B1F33439800A08777 /* LaunchScreen.storyboard in Resources */ = {isa = PBXBuildFile; fileRef = 464D5E2F1F2B0FF200CD2956 /* LaunchScreen.storyboard */; };
		460F671D1F33459F00A08777 /* TutorialPageViewController.swift in Sources */ = {isa = PBXBuildFile; fileRef = 460F671C1F33459F00A08777 /* TutorialPageViewController.swift */; };
		460F67201F3347A500A08777 /* PageViewController.swift in Sources */ = {isa = PBXBuildFile; fileRef = 460F671F1F3347A500A08777 /* PageViewController.swift */; };
		4615F6591F31C1920098443C /* VideoWriter.swift in Sources */ = {isa = PBXBuildFile; fileRef = 4615F6581F31C1920098443C /* VideoWriter.swift */; };
		4615F65B1F31C9FC0098443C /* VideoManager.swift in Sources */ = {isa = PBXBuildFile; fileRef = 4615F65A1F31C9FC0098443C /* VideoManager.swift */; };
		464D5E271F2B0FF200CD2956 /* AppDelegate.swift in Sources */ = {isa = PBXBuildFile; fileRef = 464D5E261F2B0FF200CD2956 /* AppDelegate.swift */; };
		464D5E2E1F2B0FF200CD2956 /* Assets.xcassets in Resources */ = {isa = PBXBuildFile; fileRef = 464D5E2D1F2B0FF200CD2956 /* Assets.xcassets */; };
		464D5E391F2B103800CD2956 /* MainViewController.swift in Sources */ = {isa = PBXBuildFile; fileRef = 464D5E381F2B103800CD2956 /* MainViewController.swift */; };
		464D5E3B1F2B104A00CD2956 /* MainViewController.storyboard in Resources */ = {isa = PBXBuildFile; fileRef = 464D5E3A1F2B104A00CD2956 /* MainViewController.storyboard */; };
		464D5E401F2B135A00CD2956 /* CircleImageView.swift in Sources */ = {isa = PBXBuildFile; fileRef = 464D5E3F1F2B135A00CD2956 /* CircleImageView.swift */; };
		464D5E441F2B189D00CD2956 /* MovieEditingButton.swift in Sources */ = {isa = PBXBuildFile; fileRef = 464D5E431F2B189D00CD2956 /* MovieEditingButton.swift */; };
		465227781F32CC8D0050ED77 /* CustomAVPlayerViewController.swift in Sources */ = {isa = PBXBuildFile; fileRef = 465227771F32CC8D0050ED77 /* CustomAVPlayerViewController.swift */; };
		46F765171F30B17600747652 /* ConfirmViewController.swift in Sources */ = {isa = PBXBuildFile; fileRef = 46F765161F30B17600747652 /* ConfirmViewController.swift */; };
		46F765191F30B18300747652 /* ConfirmViewController.storyboard in Resources */ = {isa = PBXBuildFile; fileRef = 46F765181F30B18300747652 /* ConfirmViewController.storyboard */; };
		46F7651C1F30B2F600747652 /* MusicManager.swift in Sources */ = {isa = PBXBuildFile; fileRef = 46F7651B1F30B2F600747652 /* MusicManager.swift */; };
		46F7651E1F30B91C00747652 /* RecordingViewController.swift in Sources */ = {isa = PBXBuildFile; fileRef = 46F7651D1F30B91C00747652 /* RecordingViewController.swift */; };
		46F765201F30B92900747652 /* RecordingViewController.storyboard in Resources */ = {isa = PBXBuildFile; fileRef = 46F7651F1F30B92900747652 /* RecordingViewController.storyboard */; };
/* End PBXBuildFile section */

/* Begin PBXFileReference section */
		460F67181F33426100A08777 /* TutorialViewController.swift */ = {isa = PBXFileReference; fileEncoding = 4; lastKnownFileType = sourcecode.swift; path = TutorialViewController.swift; sourceTree = "<group>"; };
		460F671C1F33459F00A08777 /* TutorialPageViewController.swift */ = {isa = PBXFileReference; fileEncoding = 4; lastKnownFileType = sourcecode.swift; path = TutorialPageViewController.swift; sourceTree = "<group>"; };
		460F671F1F3347A500A08777 /* PageViewController.swift */ = {isa = PBXFileReference; fileEncoding = 4; lastKnownFileType = sourcecode.swift; path = PageViewController.swift; sourceTree = "<group>"; };
		4615F6581F31C1920098443C /* VideoWriter.swift */ = {isa = PBXFileReference; fileEncoding = 4; lastKnownFileType = sourcecode.swift; path = VideoWriter.swift; sourceTree = "<group>"; };
		4615F65A1F31C9FC0098443C /* VideoManager.swift */ = {isa = PBXFileReference; fileEncoding = 4; lastKnownFileType = sourcecode.swift; path = VideoManager.swift; sourceTree = "<group>"; };
		464D5E231F2B0FF200CD2956 /* MVMaker.app */ = {isa = PBXFileReference; explicitFileType = wrapper.application; includeInIndex = 0; path = MVMaker.app; sourceTree = BUILT_PRODUCTS_DIR; };
		464D5E261F2B0FF200CD2956 /* AppDelegate.swift */ = {isa = PBXFileReference; lastKnownFileType = sourcecode.swift; path = AppDelegate.swift; sourceTree = "<group>"; };
		464D5E2B1F2B0FF200CD2956 /* Base */ = {isa = PBXFileReference; lastKnownFileType = file.storyboard; name = Base; path = Base.lproj/Prototype.storyboard; sourceTree = "<group>"; };
		464D5E2D1F2B0FF200CD2956 /* Assets.xcassets */ = {isa = PBXFileReference; lastKnownFileType = folder.assetcatalog; path = Assets.xcassets; sourceTree = "<group>"; };
		464D5E301F2B0FF200CD2956 /* Base */ = {isa = PBXFileReference; lastKnownFileType = file.storyboard; name = Base; path = Base.lproj/LaunchScreen.storyboard; sourceTree = "<group>"; };
		464D5E321F2B0FF200CD2956 /* Info.plist */ = {isa = PBXFileReference; lastKnownFileType = text.plist.xml; path = Info.plist; sourceTree = "<group>"; };
		464D5E381F2B103800CD2956 /* MainViewController.swift */ = {isa = PBXFileReference; fileEncoding = 4; lastKnownFileType = sourcecode.swift; path = MainViewController.swift; sourceTree = "<group>"; };
		464D5E3A1F2B104A00CD2956 /* MainViewController.storyboard */ = {isa = PBXFileReference; fileEncoding = 4; lastKnownFileType = file.storyboard; path = MainViewController.storyboard; sourceTree = "<group>"; };
		464D5E3F1F2B135A00CD2956 /* CircleImageView.swift */ = {isa = PBXFileReference; fileEncoding = 4; lastKnownFileType = sourcecode.swift; path = CircleImageView.swift; sourceTree = "<group>"; };
		464D5E431F2B189D00CD2956 /* MovieEditingButton.swift */ = {isa = PBXFileReference; fileEncoding = 4; lastKnownFileType = sourcecode.swift; path = MovieEditingButton.swift; sourceTree = "<group>"; };
		465227771F32CC8D0050ED77 /* CustomAVPlayerViewController.swift */ = {isa = PBXFileReference; fileEncoding = 4; lastKnownFileType = sourcecode.swift; path = CustomAVPlayerViewController.swift; sourceTree = "<group>"; };
		46F765161F30B17600747652 /* ConfirmViewController.swift */ = {isa = PBXFileReference; fileEncoding = 4; lastKnownFileType = sourcecode.swift; path = ConfirmViewController.swift; sourceTree = "<group>"; };
		46F765181F30B18300747652 /* ConfirmViewController.storyboard */ = {isa = PBXFileReference; fileEncoding = 4; lastKnownFileType = file.storyboard; path = ConfirmViewController.storyboard; sourceTree = "<group>"; };
		46F7651B1F30B2F600747652 /* MusicManager.swift */ = {isa = PBXFileReference; fileEncoding = 4; lastKnownFileType = sourcecode.swift; path = MusicManager.swift; sourceTree = "<group>"; };
		46F7651D1F30B91C00747652 /* RecordingViewController.swift */ = {isa = PBXFileReference; fileEncoding = 4; lastKnownFileType = sourcecode.swift; path = RecordingViewController.swift; sourceTree = "<group>"; };
		46F7651F1F30B92900747652 /* RecordingViewController.storyboard */ = {isa = PBXFileReference; fileEncoding = 4; lastKnownFileType = file.storyboard; path = RecordingViewController.storyboard; sourceTree = "<group>"; };
/* End PBXFileReference section */

/* Begin PBXFrameworksBuildPhase section */
		464D5E201F2B0FF200CD2956 /* Frameworks */ = {
			isa = PBXFrameworksBuildPhase;
			buildActionMask = 2147483647;
			files = (
			);
			runOnlyForDeploymentPostprocessing = 0;
		};
/* End PBXFrameworksBuildPhase section */

/* Begin PBXGroup section */
		464D5E1A1F2B0FF200CD2956 = {
			isa = PBXGroup;
			children = (
				464D5E251F2B0FF200CD2956 /* MVMaker */,
				464D5E241F2B0FF200CD2956 /* Products */,
			);
			sourceTree = "<group>";
		};
		464D5E241F2B0FF200CD2956 /* Products */ = {
			isa = PBXGroup;
			children = (
				464D5E231F2B0FF200CD2956 /* MVMaker.app */,
			);
			name = Products;
			sourceTree = "<group>";
		};
		464D5E251F2B0FF200CD2956 /* MVMaker */ = {
			isa = PBXGroup;
			children = (
				464D5E3D1F2B109300CD2956 /* Assets */,
				46F7651A1F30B2D500747652 /* Helper */,
				464D5E3C1F2B107E00CD2956 /* ViewControllers */,
				464D5E3E1F2B132700CD2956 /* Views */,
				464D5E261F2B0FF200CD2956 /* AppDelegate.swift */,
				464D5E321F2B0FF200CD2956 /* Info.plist */,
				464D5E2F1F2B0FF200CD2956 /* LaunchScreen.storyboard */,
			);
			path = MVMaker;
			sourceTree = "<group>";
		};
		464D5E3C1F2B107E00CD2956 /* ViewControllers */ = {
			isa = PBXGroup;
			children = (
				46F765181F30B18300747652 /* ConfirmViewController.storyboard */,
				46F765161F30B17600747652 /* ConfirmViewController.swift */,
				465227771F32CC8D0050ED77 /* CustomAVPlayerViewController.swift */,
				464D5E3A1F2B104A00CD2956 /* MainViewController.storyboard */,
				464D5E381F2B103800CD2956 /* MainViewController.swift */,
				460F671F1F3347A500A08777 /* PageViewController.swift */,
				46F7651F1F30B92900747652 /* RecordingViewController.storyboard */,
				46F7651D1F30B91C00747652 /* RecordingViewController.swift */,
				460F671C1F33459F00A08777 /* TutorialPageViewController.swift */,
				460F67181F33426100A08777 /* TutorialViewController.swift */,
			);
			path = ViewControllers;
			sourceTree = "<group>";
		};
		464D5E3D1F2B109300CD2956 /* Assets */ = {
			isa = PBXGroup;
			children = (
				464D5E2D1F2B0FF200CD2956 /* Assets.xcassets */,
				464D5E2A1F2B0FF200CD2956 /* Prototype.storyboard */,
			);
			path = Assets;
			sourceTree = "<group>";
		};
		464D5E3E1F2B132700CD2956 /* Views */ = {
			isa = PBXGroup;
			children = (
				464D5E3F1F2B135A00CD2956 /* CircleImageView.swift */,
				464D5E431F2B189D00CD2956 /* MovieEditingButton.swift */,
			);
			path = Views;
			sourceTree = "<group>";
		};
		46F7651A1F30B2D500747652 /* Helper */ = {
			isa = PBXGroup;
			children = (
				46F7651B1F30B2F600747652 /* MusicManager.swift */,
				4615F65A1F31C9FC0098443C /* VideoManager.swift */,
				4615F6581F31C1920098443C /* VideoWriter.swift */,
			);
			path = Helper;
			sourceTree = "<group>";
		};
/* End PBXGroup section */

/* Begin PBXNativeTarget section */
		464D5E221F2B0FF200CD2956 /* MVMaker */ = {
			isa = PBXNativeTarget;
			buildConfigurationList = 464D5E351F2B0FF200CD2956 /* Build configuration list for PBXNativeTarget "MVMaker" */;
			buildPhases = (
				464D5E1F1F2B0FF200CD2956 /* Sources */,
				464D5E201F2B0FF200CD2956 /* Frameworks */,
				464D5E211F2B0FF200CD2956 /* Resources */,
			);
			buildRules = (
			);
			dependencies = (
			);
			name = MVMaker;
			productName = MVMaker;
			productReference = 464D5E231F2B0FF200CD2956 /* MVMaker.app */;
			productType = "com.apple.product-type.application";
		};
/* End PBXNativeTarget section */

/* Begin PBXProject section */
		464D5E1B1F2B0FF200CD2956 /* Project object */ = {
			isa = PBXProject;
			attributes = {
				LastSwiftUpdateCheck = 0830;
				LastUpgradeCheck = 0830;
				ORGANIZATIONNAME = "藤井陽介";
				TargetAttributes = {
					464D5E221F2B0FF200CD2956 = {
						CreatedOnToolsVersion = 8.3.3;
						DevelopmentTeam = B4S4333JDW;
						ProvisioningStyle = Automatic;
					};
				};
			};
			buildConfigurationList = 464D5E1E1F2B0FF200CD2956 /* Build configuration list for PBXProject "MVMaker" */;
			compatibilityVersion = "Xcode 3.2";
			developmentRegion = English;
			hasScannedForEncodings = 0;
			knownRegions = (
				en,
				Base,
			);
			mainGroup = 464D5E1A1F2B0FF200CD2956;
			productRefGroup = 464D5E241F2B0FF200CD2956 /* Products */;
			projectDirPath = "";
			projectRoot = "";
			targets = (
				464D5E221F2B0FF200CD2956 /* MVMaker */,
			);
		};
/* End PBXProject section */

/* Begin PBXResourcesBuildPhase section */
		464D5E211F2B0FF200CD2956 /* Resources */ = {
			isa = PBXResourcesBuildPhase;
			buildActionMask = 2147483647;
			files = (
				460F671B1F33439800A08777 /* LaunchScreen.storyboard in Resources */,
				464D5E3B1F2B104A00CD2956 /* MainViewController.storyboard in Resources */,
				46F765201F30B92900747652 /* RecordingViewController.storyboard in Resources */,
				46F765191F30B18300747652 /* ConfirmViewController.storyboard in Resources */,
				464D5E2E1F2B0FF200CD2956 /* Assets.xcassets in Resources */,
			);
			runOnlyForDeploymentPostprocessing = 0;
		};
/* End PBXResourcesBuildPhase section */

/* Begin PBXSourcesBuildPhase section */
		464D5E1F1F2B0FF200CD2956 /* Sources */ = {
			isa = PBXSourcesBuildPhase;
			buildActionMask = 2147483647;
			files = (
				4615F6591F31C1920098443C /* VideoWriter.swift in Sources */,
				46F765171F30B17600747652 /* ConfirmViewController.swift in Sources */,
				460F671D1F33459F00A08777 /* TutorialPageViewController.swift in Sources */,
				4615F65B1F31C9FC0098443C /* VideoManager.swift in Sources */,
				464D5E271F2B0FF200CD2956 /* AppDelegate.swift in Sources */,
				464D5E401F2B135A00CD2956 /* CircleImageView.swift in Sources */,
				465227781F32CC8D0050ED77 /* CustomAVPlayerViewController.swift in Sources */,
				46F7651E1F30B91C00747652 /* RecordingViewController.swift in Sources */,
				464D5E391F2B103800CD2956 /* MainViewController.swift in Sources */,
				464D5E441F2B189D00CD2956 /* MovieEditingButton.swift in Sources */,
				460F67201F3347A500A08777 /* PageViewController.swift in Sources */,
				460F67191F33426100A08777 /* TutorialViewController.swift in Sources */,
				46F7651C1F30B2F600747652 /* MusicManager.swift in Sources */,
			);
			runOnlyForDeploymentPostprocessing = 0;
		};
/* End PBXSourcesBuildPhase section */

/* Begin PBXVariantGroup section */
		464D5E2A1F2B0FF200CD2956 /* Prototype.storyboard */ = {
			isa = PBXVariantGroup;
			children = (
				464D5E2B1F2B0FF200CD2956 /* Base */,
			);
			name = Prototype.storyboard;
			path = .;
			sourceTree = "<group>";
		};
		464D5E2F1F2B0FF200CD2956 /* LaunchScreen.storyboard */ = {
			isa = PBXVariantGroup;
			children = (
				464D5E301F2B0FF200CD2956 /* Base */,
			);
			name = LaunchScreen.storyboard;
			path = .;
			sourceTree = "<group>";
		};
/* End PBXVariantGroup section */

/* Begin XCBuildConfiguration section */
		464D5E331F2B0FF200CD2956 /* Debug */ = {
			isa = XCBuildConfiguration;
			buildSettings = {
				ALWAYS_SEARCH_USER_PATHS = NO;
				CLANG_ANALYZER_NONNULL = YES;
				CLANG_ANALYZER_NUMBER_OBJECT_CONVERSION = YES_AGGRESSIVE;
				CLANG_CXX_LANGUAGE_STANDARD = "gnu++0x";
				CLANG_CXX_LIBRARY = "libc++";
				CLANG_ENABLE_MODULES = YES;
				CLANG_ENABLE_OBJC_ARC = YES;
				CLANG_WARN_BOOL_CONVERSION = YES;
				CLANG_WARN_CONSTANT_CONVERSION = YES;
				CLANG_WARN_DIRECT_OBJC_ISA_USAGE = YES_ERROR;
				CLANG_WARN_DOCUMENTATION_COMMENTS = YES;
				CLANG_WARN_EMPTY_BODY = YES;
				CLANG_WARN_ENUM_CONVERSION = YES;
				CLANG_WARN_INFINITE_RECURSION = YES;
				CLANG_WARN_INT_CONVERSION = YES;
				CLANG_WARN_OBJC_ROOT_CLASS = YES_ERROR;
				CLANG_WARN_SUSPICIOUS_MOVE = YES;
				CLANG_WARN_UNREACHABLE_CODE = YES;
				CLANG_WARN__DUPLICATE_METHOD_MATCH = YES;
				"CODE_SIGN_IDENTITY[sdk=iphoneos*]" = "iPhone Developer";
				COPY_PHASE_STRIP = NO;
				DEBUG_INFORMATION_FORMAT = dwarf;
				ENABLE_STRICT_OBJC_MSGSEND = YES;
				ENABLE_TESTABILITY = YES;
				GCC_C_LANGUAGE_STANDARD = gnu99;
				GCC_DYNAMIC_NO_PIC = NO;
				GCC_NO_COMMON_BLOCKS = YES;
				GCC_OPTIMIZATION_LEVEL = 0;
				GCC_PREPROCESSOR_DEFINITIONS = (
					"DEBUG=1",
					"$(inherited)",
				);
				GCC_WARN_64_TO_32_BIT_CONVERSION = YES;
				GCC_WARN_ABOUT_RETURN_TYPE = YES_ERROR;
				GCC_WARN_UNDECLARED_SELECTOR = YES;
				GCC_WARN_UNINITIALIZED_AUTOS = YES_AGGRESSIVE;
				GCC_WARN_UNUSED_FUNCTION = YES;
				GCC_WARN_UNUSED_VARIABLE = YES;
				IPHONEOS_DEPLOYMENT_TARGET = 10.3;
				MTL_ENABLE_DEBUG_INFO = YES;
				ONLY_ACTIVE_ARCH = YES;
				SDKROOT = iphoneos;
				SWIFT_ACTIVE_COMPILATION_CONDITIONS = DEBUG;
				SWIFT_OPTIMIZATION_LEVEL = "-Onone";
				TARGETED_DEVICE_FAMILY = "1,2";
			};
			name = Debug;
		};
		464D5E341F2B0FF200CD2956 /* Release */ = {
			isa = XCBuildConfiguration;
			buildSettings = {
				ALWAYS_SEARCH_USER_PATHS = NO;
				CLANG_ANALYZER_NONNULL = YES;
				CLANG_ANALYZER_NUMBER_OBJECT_CONVERSION = YES_AGGRESSIVE;
				CLANG_CXX_LANGUAGE_STANDARD = "gnu++0x";
				CLANG_CXX_LIBRARY = "libc++";
				CLANG_ENABLE_MODULES = YES;
				CLANG_ENABLE_OBJC_ARC = YES;
				CLANG_WARN_BOOL_CONVERSION = YES;
				CLANG_WARN_CONSTANT_CONVERSION = YES;
				CLANG_WARN_DIRECT_OBJC_ISA_USAGE = YES_ERROR;
				CLANG_WARN_DOCUMENTATION_COMMENTS = YES;
				CLANG_WARN_EMPTY_BODY = YES;
				CLANG_WARN_ENUM_CONVERSION = YES;
				CLANG_WARN_INFINITE_RECURSION = YES;
				CLANG_WARN_INT_CONVERSION = YES;
				CLANG_WARN_OBJC_ROOT_CLASS = YES_ERROR;
				CLANG_WARN_SUSPICIOUS_MOVE = YES;
				CLANG_WARN_UNREACHABLE_CODE = YES;
				CLANG_WARN__DUPLICATE_METHOD_MATCH = YES;
				"CODE_SIGN_IDENTITY[sdk=iphoneos*]" = "iPhone Developer";
				COPY_PHASE_STRIP = NO;
				DEBUG_INFORMATION_FORMAT = "dwarf-with-dsym";
				ENABLE_NS_ASSERTIONS = NO;
				ENABLE_STRICT_OBJC_MSGSEND = YES;
				GCC_C_LANGUAGE_STANDARD = gnu99;
				GCC_NO_COMMON_BLOCKS = YES;
				GCC_WARN_64_TO_32_BIT_CONVERSION = YES;
				GCC_WARN_ABOUT_RETURN_TYPE = YES_ERROR;
				GCC_WARN_UNDECLARED_SELECTOR = YES;
				GCC_WARN_UNINITIALIZED_AUTOS = YES_AGGRESSIVE;
				GCC_WARN_UNUSED_FUNCTION = YES;
				GCC_WARN_UNUSED_VARIABLE = YES;
				IPHONEOS_DEPLOYMENT_TARGET = 10.3;
				MTL_ENABLE_DEBUG_INFO = NO;
				SDKROOT = iphoneos;
				SWIFT_OPTIMIZATION_LEVEL = "-Owholemodule";
				TARGETED_DEVICE_FAMILY = "1,2";
				VALIDATE_PRODUCT = YES;
			};
			name = Release;
		};
		464D5E361F2B0FF200CD2956 /* Debug */ = {
			isa = XCBuildConfiguration;
			buildSettings = {
				ASSETCATALOG_COMPILER_APPICON_NAME = AppIcon;
				DEVELOPMENT_TEAM = B4S4333JDW;
				INFOPLIST_FILE = MVMaker/Info.plist;
				LD_RUNPATH_SEARCH_PATHS = "$(inherited) @executable_path/Frameworks";
				PRODUCT_BUNDLE_IDENTIFIER = com.dev.touyou.MVMaker;
				PRODUCT_NAME = "$(TARGET_NAME)";
				SWIFT_VERSION = 3.0;
				TARGETED_DEVICE_FAMILY = 1;
			};
			name = Debug;
		};
		464D5E371F2B0FF200CD2956 /* Release */ = {
			isa = XCBuildConfiguration;
			buildSettings = {
				ASSETCATALOG_COMPILER_APPICON_NAME = AppIcon;
				DEVELOPMENT_TEAM = B4S4333JDW;
				INFOPLIST_FILE = MVMaker/Info.plist;
				LD_RUNPATH_SEARCH_PATHS = "$(inherited) @executable_path/Frameworks";
				PRODUCT_BUNDLE_IDENTIFIER = com.dev.touyou.MVMaker;
				PRODUCT_NAME = "$(TARGET_NAME)";
				SWIFT_VERSION = 3.0;
				TARGETED_DEVICE_FAMILY = 1;
			};
			name = Release;
		};
/* End XCBuildConfiguration section */

/* Begin XCConfigurationList section */
		464D5E1E1F2B0FF200CD2956 /* Build configuration list for PBXProject "MVMaker" */ = {
			isa = XCConfigurationList;
			buildConfigurations = (
				464D5E331F2B0FF200CD2956 /* Debug */,
				464D5E341F2B0FF200CD2956 /* Release */,
			);
			defaultConfigurationIsVisible = 0;
			defaultConfigurationName = Release;
		};
		464D5E351F2B0FF200CD2956 /* Build configuration list for PBXNativeTarget "MVMaker" */ = {
			isa = XCConfigurationList;
			buildConfigurations = (
				464D5E361F2B0FF200CD2956 /* Debug */,
				464D5E371F2B0FF200CD2956 /* Release */,
			);
			defaultConfigurationIsVisible = 0;
			defaultConfigurationName = Release;
		};
/* End XCConfigurationList section */
	};
	rootObject = 464D5E1B1F2B0FF200CD2956 /* Project object */;
}
